
Microsoft Visual Studio Solution File, Format Version 12.00
# Visual Studio Version 16
VisualStudioVersion = 16.0.29806.167
MinimumVisualStudioVersion = 10.0.40219.1
Project("{9A19103F-16F7-4668-BE54-9A1E7A4F7556}") = "SuperclassBrady", "SuperclassBrady\SuperclassBrady.csproj", "{45138849-ACBD-4280-B49D-AEA46D97DAFB}"
EndProject
Project("{FAE04EC0-301F-11D3-BF4B-00C04F79EFBC}") = "Tests", "Tests\Tests.csproj", "{FDD77B3B-6A8D-475E-A8BE-7A8792F99FA9}"
EndProject
Global
	GlobalSection(SolutionConfigurationPlatforms) = preSolution
		Debug|Any CPU = Debug|Any CPU
		Release|Any CPU = Release|Any CPU
	EndGlobalSection
	GlobalSection(ProjectConfigurationPlatforms) = postSolution
		{45138849-ACBD-4280-B49D-AEA46D97DAFB}.Debug|Any CPU.ActiveCfg = Debug|Any CPU
		{45138849-ACBD-4280-B49D-AEA46D97DAFB}.Debug|Any CPU.Build.0 = Debug|Any CPU
		{45138849-ACBD-4280-B49D-AEA46D97DAFB}.Release|Any CPU.ActiveCfg = Release|Any CPU
		{45138849-ACBD-4280-B49D-AEA46D97DAFB}.Release|Any CPU.Build.0 = Release|Any CPU
		{FDD77B3B-6A8D-475E-A8BE-7A8792F99FA9}.Debug|Any CPU.ActiveCfg = Debug|Any CPU
		{FDD77B3B-6A8D-475E-A8BE-7A8792F99FA9}.Debug|Any CPU.Build.0 = Debug|Any CPU
		{FDD77B3B-6A8D-475E-A8BE-7A8792F99FA9}.Release|Any CPU.ActiveCfg = Release|Any CPU
		{FDD77B3B-6A8D-475E-A8BE-7A8792F99FA9}.Release|Any CPU.Build.0 = Release|Any CPU
	EndGlobalSection
	GlobalSection(SolutionProperties) = preSolution
		HideSolutionNode = FALSE
	EndGlobalSection
	GlobalSection(ExtensibilityGlobals) = postSolution
		SolutionGuid = {2E8E1334-030C-43AD-A8BD-CC3DEEC4C486}
	EndGlobalSection
EndGlobal
